
Microsoft Visual Studio Solution File, Format Version 12.00
# Visual Studio 15
VisualStudioVersion = 15.0.27520.0
MinimumVisualStudioVersion = 10.0.40219.1
Project("{9A19103F-16F7-4668-BE54-9A1E7A4F7556}") = "CommandLineConfiguration", "CommandLineConfiguration\CommandLineConfiguration.csproj", "{959C23EF-0EB2-43FE-A4FA-FDBB0AD9DA7C}"
EndProject
Project("{9A19103F-16F7-4668-BE54-9A1E7A4F7556}") = "JsonFileConfiguration", "JsonFileConfiguration\JsonFileConfiguration.csproj", "{549064D3-7634-423A-884E-6CA103998301}"
EndProject
Project("{9A19103F-16F7-4668-BE54-9A1E7A4F7556}") = "OptionsBind", "OptionsBind\OptionsBind.csproj", "{F6EE5FCF-5190-4131-B27C-35BBF590A2B2}"
EndProject
Project("{2150E333-8FDC-42A3-9474-1A3956D46DE8}") = "Configuration", "Configuration", "{03C8C503-FC2F-411F-A9A0-6A40510846AF}"
EndProject
Project("{2150E333-8FDC-42A3-9474-1A3956D46DE8}") = "DI", "DI", "{15ACEED0-F7AF-45AE-A62B-262C553FF920}"
EndProject
Project("{9A19103F-16F7-4668-BE54-9A1E7A4F7556}") = "使用DotNetCore自带的DI容器", "使用DotNetCore自带的DI容器\使用DotNetCore自带的DI容器.csproj", "{25B6F495-E8B2-4E6A-B387-923B8611FC8F}"
EndProject
Project("{9A19103F-16F7-4668-BE54-9A1E7A4F7556}") = "使用Autofac替换自带的DI容器", "使用Autofac替换自带的DI容器\使用Autofac替换自带的DI容器.csproj", "{FCF36AED-B0DE-434F-B920-883AB739AE93}"
EndProject
Project("{9A19103F-16F7-4668-BE54-9A1E7A4F7556}") = "请求管道原理", "自定义请求管道\请求管道原理.csproj", "{B7C06437-E28C-44C5-99D4-3C71BAC03B0D}"
EndProject
Project("{FAE04EC0-301F-11D3-BF4B-00C04F79EFBC}") = "Cookie认证授权", "Cookie认证授权\Cookie认证授权.csproj", "{FE37A4E1-ACE2-4E21-AB14-542D71E77CAE}"
EndProject
Project("{FAE04EC0-301F-11D3-BF4B-00C04F79EFBC}") = "Jwt认证与授权", "Jwt认证与授权\Jwt认证与授权.csproj", "{EC882CB7-EFD7-4BFA-A266-6455724354DC}"
EndProject
Global
	GlobalSection(SolutionConfigurationPlatforms) = preSolution
		Debug|Any CPU = Debug|Any CPU
		Release|Any CPU = Release|Any CPU
	EndGlobalSection
	GlobalSection(ProjectConfigurationPlatforms) = postSolution
		{959C23EF-0EB2-43FE-A4FA-FDBB0AD9DA7C}.Debug|Any CPU.ActiveCfg = Debug|Any CPU
		{959C23EF-0EB2-43FE-A4FA-FDBB0AD9DA7C}.Debug|Any CPU.Build.0 = Debug|Any CPU
		{959C23EF-0EB2-43FE-A4FA-FDBB0AD9DA7C}.Release|Any CPU.ActiveCfg = Release|Any CPU
		{959C23EF-0EB2-43FE-A4FA-FDBB0AD9DA7C}.Release|Any CPU.Build.0 = Release|Any CPU
		{549064D3-7634-423A-884E-6CA103998301}.Debug|Any CPU.ActiveCfg = Debug|Any CPU
		{549064D3-7634-423A-884E-6CA103998301}.Debug|Any CPU.Build.0 = Debug|Any CPU
		{549064D3-7634-423A-884E-6CA103998301}.Release|Any CPU.ActiveCfg = Release|Any CPU
		{549064D3-7634-423A-884E-6CA103998301}.Release|Any CPU.Build.0 = Release|Any CPU
		{F6EE5FCF-5190-4131-B27C-35BBF590A2B2}.Debug|Any CPU.ActiveCfg = Debug|Any CPU
		{F6EE5FCF-5190-4131-B27C-35BBF590A2B2}.Debug|Any CPU.Build.0 = Debug|Any CPU
		{F6EE5FCF-5190-4131-B27C-35BBF590A2B2}.Release|Any CPU.ActiveCfg = Release|Any CPU
		{F6EE5FCF-5190-4131-B27C-35BBF590A2B2}.Release|Any CPU.Build.0 = Release|Any CPU
		{25B6F495-E8B2-4E6A-B387-923B8611FC8F}.Debug|Any CPU.ActiveCfg = Debug|Any CPU
		{25B6F495-E8B2-4E6A-B387-923B8611FC8F}.Debug|Any CPU.Build.0 = Debug|Any CPU
		{25B6F495-E8B2-4E6A-B387-923B8611FC8F}.Release|Any CPU.ActiveCfg = Release|Any CPU
		{25B6F495-E8B2-4E6A-B387-923B8611FC8F}.Release|Any CPU.Build.0 = Release|Any CPU
		{FCF36AED-B0DE-434F-B920-883AB739AE93}.Debug|Any CPU.ActiveCfg = Debug|Any CPU
		{FCF36AED-B0DE-434F-B920-883AB739AE93}.Debug|Any CPU.Build.0 = Debug|Any CPU
		{FCF36AED-B0DE-434F-B920-883AB739AE93}.Release|Any CPU.ActiveCfg = Release|Any CPU
		{FCF36AED-B0DE-434F-B920-883AB739AE93}.Release|Any CPU.Build.0 = Release|Any CPU
		{B7C06437-E28C-44C5-99D4-3C71BAC03B0D}.Debug|Any CPU.ActiveCfg = Debug|Any CPU
		{B7C06437-E28C-44C5-99D4-3C71BAC03B0D}.Debug|Any CPU.Build.0 = Debug|Any CPU
		{B7C06437-E28C-44C5-99D4-3C71BAC03B0D}.Release|Any CPU.ActiveCfg = Release|Any CPU
		{B7C06437-E28C-44C5-99D4-3C71BAC03B0D}.Release|Any CPU.Build.0 = Release|Any CPU
		{FE37A4E1-ACE2-4E21-AB14-542D71E77CAE}.Debug|Any CPU.ActiveCfg = Debug|Any CPU
		{FE37A4E1-ACE2-4E21-AB14-542D71E77CAE}.Debug|Any CPU.Build.0 = Debug|Any CPU
		{FE37A4E1-ACE2-4E21-AB14-542D71E77CAE}.Release|Any CPU.ActiveCfg = Release|Any CPU
		{FE37A4E1-ACE2-4E21-AB14-542D71E77CAE}.Release|Any CPU.Build.0 = Release|Any CPU
		{EC882CB7-EFD7-4BFA-A266-6455724354DC}.Debug|Any CPU.ActiveCfg = Debug|Any CPU
		{EC882CB7-EFD7-4BFA-A266-6455724354DC}.Debug|Any CPU.Build.0 = Debug|Any CPU
		{EC882CB7-EFD7-4BFA-A266-6455724354DC}.Release|Any CPU.ActiveCfg = Release|Any CPU
		{EC882CB7-EFD7-4BFA-A266-6455724354DC}.Release|Any CPU.Build.0 = Release|Any CPU
	EndGlobalSection
	GlobalSection(SolutionProperties) = preSolution
		HideSolutionNode = FALSE
	EndGlobalSection
	GlobalSection(NestedProjects) = preSolution
		{959C23EF-0EB2-43FE-A4FA-FDBB0AD9DA7C} = {03C8C503-FC2F-411F-A9A0-6A40510846AF}
		{549064D3-7634-423A-884E-6CA103998301} = {03C8C503-FC2F-411F-A9A0-6A40510846AF}
		{F6EE5FCF-5190-4131-B27C-35BBF590A2B2} = {03C8C503-FC2F-411F-A9A0-6A40510846AF}
		{25B6F495-E8B2-4E6A-B387-923B8611FC8F} = {15ACEED0-F7AF-45AE-A62B-262C553FF920}
		{FCF36AED-B0DE-434F-B920-883AB739AE93} = {15ACEED0-F7AF-45AE-A62B-262C553FF920}
	EndGlobalSection
	GlobalSection(ExtensibilityGlobals) = postSolution
		SolutionGuid = {AABC10D1-F9CB-4B9E-92BB-4F72CDA4BEBA}
	EndGlobalSection
EndGlobal
